
Microsoft Visual Studio Solution File, Format Version 12.00
# Visual Studio Version 17
VisualStudioVersion = 17.7.34031.279
MinimumVisualStudioVersion = 10.0.40219.1
Project("{9A19103F-16F7-4668-BE54-9A1E7A4F7556}") = "ASCII_Roguelike", "ASCII_Roguelike\ASCII_Roguelike.csproj", "{62FEB741-61F9-41E7-8BEA-0D86AB3053AD}"
EndProject
Global
	GlobalSection(SolutionConfigurationPlatforms) = preSolution
		Debug|Any CPU = Debug|Any CPU
		Release|Any CPU = Release|Any CPU
	EndGlobalSection
	GlobalSection(ProjectConfigurationPlatforms) = postSolution
		{62FEB741-61F9-41E7-8BEA-0D86AB3053AD}.Debug|Any CPU.ActiveCfg = Debug|Any CPU
		{62FEB741-61F9-41E7-8BEA-0D86AB3053AD}.Debug|Any CPU.Build.0 = Debug|Any CPU
		{62FEB741-61F9-41E7-8BEA-0D86AB3053AD}.Release|Any CPU.ActiveCfg = Release|Any CPU
		{62FEB741-61F9-41E7-8BEA-0D86AB3053AD}.Release|Any CPU.Build.0 = Release|Any CPU
	EndGlobalSection
	GlobalSection(SolutionProperties) = preSolution
		HideSolutionNode = FALSE
	EndGlobalSection
	GlobalSection(ExtensibilityGlobals) = postSolution
		SolutionGuid = {C262EA5B-E423-4AF3-9E38-FCADAFE9781F}
	EndGlobalSection
EndGlobal
